
Microsoft Visual Studio Solution File, Format Version 12.00
# Visual Studio Version 17
VisualStudioVersion = 17.0.31919.166
MinimumVisualStudioVersion = 10.0.40219.1
Project("{FAE04EC0-301F-11D3-BF4B-00C04F79EFBC}") = "fixer", "fixer\fixer.csproj", "{947F5559-E444-4E75-89B0-2FD69FE40F6D}"
EndProject
Global
	GlobalSection(SolutionConfigurationPlatforms) = preSolution
		Debug|Any CPU = Debug|Any CPU
		Release|Any CPU = Release|Any CPU
	EndGlobalSection
	GlobalSection(ProjectConfigurationPlatforms) = postSolution
		{947F5559-E444-4E75-89B0-2FD69FE40F6D}.Debug|Any CPU.ActiveCfg = Debug|Any CPU
		{947F5559-E444-4E75-89B0-2FD69FE40F6D}.Debug|Any CPU.Build.0 = Debug|Any CPU
		{947F5559-E444-4E75-89B0-2FD69FE40F6D}.Release|Any CPU.ActiveCfg = Release|Any CPU
		{947F5559-E444-4E75-89B0-2FD69FE40F6D}.Release|Any CPU.Build.0 = Release|Any CPU
	EndGlobalSection
	GlobalSection(SolutionProperties) = preSolution
		HideSolutionNode = FALSE
	EndGlobalSection
	GlobalSection(ExtensibilityGlobals) = postSolution
		SolutionGuid = {0E353AF7-C3D5-4C23-9E53-780D8CEFF8E7}
	EndGlobalSection
EndGlobal
